{"1.2.0",
[{<<"crc32cer">>,{pkg,<<"crc32cer">>,<<"0.1.4">>},1},
 {<<"supervisor3">>,{pkg,<<"supervisor3">>,<<"1.1.11">>},0}]}.
[
{pkg_hash,[
 {<<"crc32cer">>, <<"A656DFF19474D1A1FC5BB0081610AB6B0695B23AFFC47FA90ABEB079A8EF9752">>},
 {<<"supervisor3">>, <<"D81CDEC31D102FDE407423E1D05B569572850DEEBED86B951D5233C387CBA80B">>}]},
{pkg_hash_ext,[
 {<<"crc32cer">>, <<"964735A5422CF65BBC5354860A560FFF546F0026F83F8860525BD58AB5BADE5D">>},
 {<<"supervisor3">>, <<"E6C2DEDBCABCBA24995A218ACA12DB5E208B80D3252692B22EF0F1A266104B50">>}]}
].
